
Microsoft Visual Studio Solution File, Format Version 12.00
# Visual Studio Version 16
VisualStudioVersion = 16.0.30413.136
MinimumVisualStudioVersion = 10.0.40219.1
Project("{FAE04EC0-301F-11D3-BF4B-00C04F79EFBC}") = "devops", "devops\devops.csproj", "{BEBB352C-97D4-4DE5-9AA9-2988C7BCF9C9}"
EndProject
Global
	GlobalSection(SolutionConfigurationPlatforms) = preSolution
		Debug|Any CPU = Debug|Any CPU
		Release|Any CPU = Release|Any CPU
	EndGlobalSection
	GlobalSection(ProjectConfigurationPlatforms) = postSolution
		{BEBB352C-97D4-4DE5-9AA9-2988C7BCF9C9}.Debug|Any CPU.ActiveCfg = Debug|Any CPU
		{BEBB352C-97D4-4DE5-9AA9-2988C7BCF9C9}.Debug|Any CPU.Build.0 = Debug|Any CPU
		{BEBB352C-97D4-4DE5-9AA9-2988C7BCF9C9}.Release|Any CPU.ActiveCfg = Release|Any CPU
		{BEBB352C-97D4-4DE5-9AA9-2988C7BCF9C9}.Release|Any CPU.Build.0 = Release|Any CPU
	EndGlobalSection
	GlobalSection(SolutionProperties) = preSolution
		HideSolutionNode = FALSE
	EndGlobalSection
	GlobalSection(ExtensibilityGlobals) = postSolution
		SolutionGuid = {D5F5D01E-0D6F-492F-B84D-5F867EF7F697}
	EndGlobalSection
EndGlobal
